
Microsoft Visual Studio Solution File, Format Version 12.00
# Visual Studio 15
VisualStudioVersion = 15.0.28010.2041
MinimumVisualStudioVersion = 10.0.40219.1
Project("{8BC9CEB8-8B4A-11D0-8D11-00A0C91BC942}") = "header", "header.vcxproj", "{A08C2AC7-58C0-48AB-9DE4-CE812A15755D}"
EndProject
Global
	GlobalSection(SolutionConfigurationPlatforms) = preSolution
		Debug|x64 = Debug|x64
		Release|x64 = Release|x64
	EndGlobalSection
	GlobalSection(ProjectConfigurationPlatforms) = postSolution
		{A08C2AC7-58C0-48AB-9DE4-CE812A15755D}.Debug|x64.ActiveCfg = Debug|x64
		{A08C2AC7-58C0-48AB-9DE4-CE812A15755D}.Debug|x64.Build.0 = Debug|x64
		{A08C2AC7-58C0-48AB-9DE4-CE812A15755D}.Release|x64.ActiveCfg = Release|x64
		{A08C2AC7-58C0-48AB-9DE4-CE812A15755D}.Release|x64.Build.0 = Release|x64
	EndGlobalSection
	GlobalSection(SolutionProperties) = preSolution
		HideSolutionNode = FALSE
	EndGlobalSection
	GlobalSection(ExtensibilityGlobals) = postSolution
		SolutionGuid = {7C884C4D-E6E4-4151-9E19-4CBFF5C0A765}
	EndGlobalSection
EndGlobal
